
Microsoft Visual Studio Solution File, Format Version 12.00
# Visual Studio Version 17
VisualStudioVersion = 17.4.33213.308
MinimumVisualStudioVersion = 10.0.40219.1
Project("{2150E333-8FDC-42A3-9474-1A3956D46DE8}") = "0 - Presentation", "0 - Presentation", "{91807D64-AAA3-4E3C-9633-B112B9D71B05}"
EndProject
Project("{2150E333-8FDC-42A3-9474-1A3956D46DE8}") = "1 - Services", "1 - Services", "{C57B5FC2-2DED-4EE0-8ECC-849C18AD0287}"
EndProject
Project("{2150E333-8FDC-42A3-9474-1A3956D46DE8}") = "2 - Application", "2 - Application", "{69A14E10-28F5-4D65-B6F6-8DB074D9D305}"
EndProject
Project("{2150E333-8FDC-42A3-9474-1A3956D46DE8}") = "3 - Domain", "3 - Domain", "{847C14D8-68DC-4CCA-B9B3-CAD429BACECE}"
EndProject
Project("{2150E333-8FDC-42A3-9474-1A3956D46DE8}") = "4 - Infrastructure", "4 - Infrastructure", "{935A3A1D-9B03-4DD1-B623-ED0093EA3772}"
EndProject
Project("{9A19103F-16F7-4668-BE54-9A1E7A4F7556}") = "HelpDesk.Domain", "HelpDesk.Domain\HelpDesk.Domain.csproj", "{CEE84AFB-9DE9-4ECD-A849-631189C5581D}"
EndProject
Project("{9A19103F-16F7-4668-BE54-9A1E7A4F7556}") = "HelpDesk.Infrastructure.Data", "HelpDesk.Infrastructure\HelpDesk.Infrastructure.Data.csproj", "{E8D87702-1C9D-4381-A70D-07805FD5268E}"
EndProject
Project("{9A19103F-16F7-4668-BE54-9A1E7A4F7556}") = "HelpDesk.Services.Api", "HelpDesk.Api\HelpDesk.Services.Api.csproj", "{6402525F-3AE1-4C2D-92C5-C4E92B2A6AD8}"
EndProject
Global
	GlobalSection(SolutionConfigurationPlatforms) = preSolution
		Debug|Any CPU = Debug|Any CPU
		Release|Any CPU = Release|Any CPU
	EndGlobalSection
	GlobalSection(ProjectConfigurationPlatforms) = postSolution
		{CEE84AFB-9DE9-4ECD-A849-631189C5581D}.Debug|Any CPU.ActiveCfg = Debug|Any CPU
		{CEE84AFB-9DE9-4ECD-A849-631189C5581D}.Debug|Any CPU.Build.0 = Debug|Any CPU
		{CEE84AFB-9DE9-4ECD-A849-631189C5581D}.Release|Any CPU.ActiveCfg = Release|Any CPU
		{CEE84AFB-9DE9-4ECD-A849-631189C5581D}.Release|Any CPU.Build.0 = Release|Any CPU
		{E8D87702-1C9D-4381-A70D-07805FD5268E}.Debug|Any CPU.ActiveCfg = Debug|Any CPU
		{E8D87702-1C9D-4381-A70D-07805FD5268E}.Debug|Any CPU.Build.0 = Debug|Any CPU
		{E8D87702-1C9D-4381-A70D-07805FD5268E}.Release|Any CPU.ActiveCfg = Release|Any CPU
		{E8D87702-1C9D-4381-A70D-07805FD5268E}.Release|Any CPU.Build.0 = Release|Any CPU
		{6402525F-3AE1-4C2D-92C5-C4E92B2A6AD8}.Debug|Any CPU.ActiveCfg = Debug|Any CPU
		{6402525F-3AE1-4C2D-92C5-C4E92B2A6AD8}.Debug|Any CPU.Build.0 = Debug|Any CPU
		{6402525F-3AE1-4C2D-92C5-C4E92B2A6AD8}.Release|Any CPU.ActiveCfg = Release|Any CPU
		{6402525F-3AE1-4C2D-92C5-C4E92B2A6AD8}.Release|Any CPU.Build.0 = Release|Any CPU
	EndGlobalSection
	GlobalSection(SolutionProperties) = preSolution
		HideSolutionNode = FALSE
	EndGlobalSection
	GlobalSection(NestedProjects) = preSolution
		{CEE84AFB-9DE9-4ECD-A849-631189C5581D} = {847C14D8-68DC-4CCA-B9B3-CAD429BACECE}
		{E8D87702-1C9D-4381-A70D-07805FD5268E} = {935A3A1D-9B03-4DD1-B623-ED0093EA3772}
		{6402525F-3AE1-4C2D-92C5-C4E92B2A6AD8} = {C57B5FC2-2DED-4EE0-8ECC-849C18AD0287}
	EndGlobalSection
	GlobalSection(ExtensibilityGlobals) = postSolution
		SolutionGuid = {9AD8C30C-751B-476B-8CD9-498F3587556C}
	EndGlobalSection
EndGlobal
